PODS:
  - Kingfisher (5.8.1):
    - Kingfisher/Core (= 5.8.1)
  - Kingfisher/Core (5.8.1)
  - KingfisherWebP (0.7.0):
    - Kingfisher (~> 5.8)

DEPENDENCIES:
  - KingfisherWebP (from `../`)

SPEC REPOS:
  https://github.com/CocoaPods/Specs.git:
    - Kingfisher

EXTERNAL SOURCES:
  KingfisherWebP:
    :path: "../"

SPEC CHECKSUMS:
  Kingfisher: de969e451c81ca6c07a454bc36fea84b8b08c3c7
  KingfisherWebP: 7635949ecf9ce02563617eaf5c28bc96aa9528da

PODFILE CHECKSUM: 912da7ea47a860c96d3fc41cfad2d5c868f105ec

COCOAPODS: 1.8.4
